// !$*UTF8*$!
{
	archiveVersion = 1;
	classes = {
	};
	objectVersion = 46;
	objects = {

/* Begin PBXBuildFile section */
		84CA6F371DAA452A0025843A /* AppDelegate.swift in Sources */ = {isa = PBXBuildFile; fileRef = 84CA6F361DAA452A0025843A /* AppDelegate.swift */; };
		84CA6F391DAA452A0025843A /* ViewController.swift in Sources */ = {isa = PBXBuildFile; fileRef = 84CA6F381DAA452A0025843A /* ViewController.swift */; };
		84CA6F3C1DAA452A0025843A /* Main.storyboard in Resources */ = {isa = PBXBuildFile; fileRef = 84CA6F3A1DAA452A0025843A /* Main.storyboard */; };
		84CA6F3E1DAA452A0025843A /* Assets.xcassets in Resources */ = {isa = PBXBuildFile; fileRef = 84CA6F3D1DAA452A0025843A /* Assets.xcassets */; };
		84CA6F411DAA452A0025843A /* LaunchScreen.storyboard in Resources */ = {isa = PBXBuildFile; fileRef = 84CA6F3F1DAA452A0025843A /* LaunchScreen.storyboard */; };
		84CA6FA31DAA81AA0025843A /* pokemon.csv in Resources */ = {isa = PBXBuildFile; fileRef = 84CA6FA21DAA81AA0025843A /* pokemon.csv */; };
/* End PBXBuildFile section */

/* Begin PBXFileReference section */
		84CA6F331DAA452A0025843A /* Pokedex.app */ = {isa = PBXFileReference; explicitFileType = wrapper.application; includeInIndex = 0; path = Pokedex.app; sourceTree = BUILT_PRODUCTS_DIR; };
		84CA6F361DAA452A0025843A /* AppDelegate.swift */ = {isa = PBXFileReference; lastKnownFileType = sourcecode.swift; path = AppDelegate.swift; sourceTree = "<group>"; };
		84CA6F381DAA452A0025843A /* ViewController.swift */ = {isa = PBXFileReference; lastKnownFileType = sourcecode.swift; path = ViewController.swift; sourceTree = "<group>"; };
		84CA6F3B1DAA452A0025843A /* Base */ = {isa = PBXFileReference; lastKnownFileType = file.storyboard; name = Base; path = Base.lproj/Main.storyboard; sourceTree = "<group>"; };
		84CA6F3D1DAA452A0025843A /* Assets.xcassets */ = {isa = PBXFileReference; lastKnownFileType = folder.assetcatalog; path = Assets.xcassets; sourceTree = "<group>"; };
		84CA6F401DAA452A0025843A /* Base */ = {isa = PBXFileReference; lastKnownFileType = file.storyboard; name = Base; path = Base.lproj/LaunchScreen.storyboard; sourceTree = "<group>"; };
		84CA6F421DAA452A0025843A /* Info.plist */ = {isa = PBXFileReference; lastKnownFileType = text.plist.xml; path = Info.plist; sourceTree = "<group>"; };
		84CA6FA21DAA81AA0025843A /* pokemon.csv */ = {isa = PBXFileReference; fileEncoding = 4; lastKnownFileType = text; path = pokemon.csv; sourceTree = "<group>"; };
/* End PBXFileReference section */

/* Begin PBXFrameworksBuildPhase section */
		84CA6F301DAA452A0025843A /* Frameworks */ = {
			isa = PBXFrameworksBuildPhase;
			buildActionMask = 2147483647;
			files = (
			);
			runOnlyForDeploymentPostprocessing = 0;
		};
/* End PBXFrameworksBuildPhase section */

/* Begin PBXGroup section */
		84CA6F2A1DAA452A0025843A = {
			isa = PBXGroup;
			children = (
				84CA6F351DAA452A0025843A /* Pokedex */,
				84CA6F341DAA452A0025843A /* Products */,
			);
			sourceTree = "<group>";
		};
		84CA6F341DAA452A0025843A /* Products */ = {
			isa = PBXGroup;
			children = (
				84CA6F331DAA452A0025843A /* Pokedex.app */,
			);
			name = Products;
			sourceTree = "<group>";
		};
		84CA6F351DAA452A0025843A /* Pokedex */ = {
			isa = PBXGroup;
			children = (
				84CA6FA21DAA81AA0025843A /* pokemon.csv */,
				84CA6F361DAA452A0025843A /* AppDelegate.swift */,
				84CA6F381DAA452A0025843A /* ViewController.swift */,
				84CA6F3A1DAA452A0025843A /* Main.storyboard */,
				84CA6F3D1DAA452A0025843A /* Assets.xcassets */,
				84CA6F3F1DAA452A0025843A /* LaunchScreen.storyboard */,
				84CA6F421DAA452A0025843A /* Info.plist */,
			);
			path = Pokedex;
			sourceTree = "<group>";
		};
/* End PBXGroup section */

/* Begin PBXNativeTarget section */
		84CA6F321DAA452A0025843A /* Pokedex */ = {
			isa = PBXNativeTarget;
			buildConfigurationList = 84CA6F451DAA452A0025843A /* Build configuration list for PBXNativeTarget "Pokedex" */;
			buildPhases = (
				84CA6F2F1DAA452A0025843A /* Sources */,
				84CA6F301DAA452A0025843A /* Frameworks */,
				84CA6F311DAA452A0025843A /* Resources */,
			);
			buildRules = (
			);
			dependencies = (
			);
			name = Pokedex;
			productName = Pokedex;
			productReference = 84CA6F331DAA452A0025843A /* Pokedex.app */;
			productType = "com.apple.product-type.application";
		};
/* End PBXNativeTarget section */

/* Begin PBXProject section */
		84CA6F2B1DAA452A0025843A /* Project object */ = {
			isa = PBXProject;
			attributes = {
				LastSwiftUpdateCheck = 0800;
				LastUpgradeCheck = 0800;
				ORGANIZATIONNAME = gdw;
				TargetAttributes = {
					84CA6F321DAA452A0025843A = {
						CreatedOnToolsVersion = 8.0;
						DevelopmentTeam = 8QRWJ9NY44;
						ProvisioningStyle = Automatic;
					};
				};
			};
			buildConfigurationList = 84CA6F2E1DAA452A0025843A /* Build configuration list for PBXProject "Pokedex" */;
			compatibilityVersion = "Xcode 3.2";
			developmentRegion = English;
			hasScannedForEncodings = 0;
			knownRegions = (
				en,
				Base,
			);
			mainGroup = 84CA6F2A1DAA452A0025843A;
			productRefGroup = 84CA6F341DAA452A0025843A /* Products */;
			projectDirPath = "";
			projectRoot = "";
			targets = (
				84CA6F321DAA452A0025843A /* Pokedex */,
			);
		};
/* End PBXProject section */

/* Begin PBXResourcesBuildPhase section */
		84CA6F311DAA452A0025843A /* Resources */ = {
			isa = PBXResourcesBuildPhase;
			buildActionMask = 2147483647;
			files = (
				84CA6F411DAA452A0025843A /* LaunchScreen.storyboard in Resources */,
				84CA6F3E1DAA452A0025843A /* Assets.xcassets in Resources */,
				84CA6FA31DAA81AA0025843A /* pokemon.csv in Resources */,
				84CA6F3C1DAA452A0025843A /* Main.storyboard in Resources */,
			);
			runOnlyForDeploymentPostprocessing = 0;
		};
/* End PBXResourcesBuildPhase section */

/* Begin PBXSourcesBuildPhase section */
		84CA6F2F1DAA452A0025843A /* Sources */ = {
			isa = PBXSourcesBuildPhase;
			buildActionMask = 2147483647;
			files = (
				84CA6F391DAA452A0025843A /* ViewController.swift in Sources */,
				84CA6F371DAA452A0025843A /* AppDelegate.swift in Sources */,
			);
			runOnlyForDeploymentPostprocessing = 0;
		};
/* End PBXSourcesBuildPhase section */

/* Begin PBXVariantGroup section */
		84CA6F3A1DAA452A0025843A /* Main.storyboard */ = {
			isa = PBXVariantGroup;
			children = (
				84CA6F3B1DAA452A0025843A /* Base */,
			);
			name = Main.storyboard;
			sourceTree = "<group>";
		};
		84CA6F3F1DAA452A0025843A /* LaunchScreen.storyboard */ = {
			isa = PBXVariantGroup;
			children = (
				84CA6F401DAA452A0025843A /* Base */,
			);
			name = LaunchScreen.storyboard;
			sourceTree = "<group>";
		};
/* End PBXVariantGroup section */

/* Begin XCBuildConfiguration section */
		84CA6F431DAA452A0025843A /* Debug */ = {
			isa = XCBuildConfiguration;
			buildSettings = {
				ALWAYS_SEARCH_USER_PATHS = NO;
				CLANG_ANALYZER_NONNULL = YES;
				CLANG_CXX_LANGUAGE_STANDARD = "gnu++0x";
				CLANG_CXX_LIBRARY = "libc++";
				CLANG_ENABLE_MODULES = YES;
				CLANG_ENABLE_OBJC_ARC = YES;
				CLANG_WARN_BOOL_CONVERSION = YES;
				CLANG_WARN_CONSTANT_CONVERSION = YES;
				CLANG_WARN_DIRECT_OBJC_ISA_USAGE = YES_ERROR;
				CLANG_WARN_DOCUMENTATION_COMMENTS = YES;
				CLANG_WARN_EMPTY_BODY = YES;
				CLANG_WARN_ENUM_CONVERSION = YES;
				CLANG_WARN_INFINITE_RECURSION = YES;
				CLANG_WARN_INT_CONVERSION = YES;
				CLANG_WARN_OBJC_ROOT_CLASS = YES_ERROR;
				CLANG_WARN_SUSPICIOUS_MOVES = YES;
				CLANG_WARN_UNREACHABLE_CODE = YES;
				CLANG_WARN__DUPLICATE_METHOD_MATCH = YES;
				"CODE_SIGN_IDENTITY[sdk=iphoneos*]" = "iPhone Developer";
				COPY_PHASE_STRIP = NO;
				DEBUG_INFORMATION_FORMAT = dwarf;
				ENABLE_STRICT_OBJC_MSGSEND = YES;
				ENABLE_TESTABILITY = YES;
				GCC_C_LANGUAGE_STANDARD = gnu99;
				GCC_DYNAMIC_NO_PIC = NO;
				GCC_NO_COMMON_BLOCKS = YES;
				GCC_OPTIMIZATION_LEVEL = 0;
				GCC_PREPROCESSOR_DEFINITIONS = (
					"DEBUG=1",
					"$(inherited)",
				);
				GCC_WARN_64_TO_32_BIT_CONVERSION = YES;
				GCC_WARN_ABOUT_RETURN_TYPE = YES_ERROR;
				GCC_WARN_UNDECLARED_SELECTOR = YES;
				GCC_WARN_UNINITIALIZED_AUTOS = YES_AGGRESSIVE;
				GCC_WARN_UNUSED_FUNCTION = YES;
				GCC_WARN_UNUSED_VARIABLE = YES;
				IPHONEOS_DEPLOYMENT_TARGET = 10.0;
				MTL_ENABLE_DEBUG_INFO = YES;
				ONLY_ACTIVE_ARCH = YES;
				SDKROOT = iphoneos;
				SWIFT_ACTIVE_COMPILATION_CONDITIONS = DEBUG;
				SWIFT_OPTIMIZATION_LEVEL = "-Onone";
			};
			name = Debug;
		};
		84CA6F441DAA452A0025843A /* Release */ = {
			isa = XCBuildConfiguration;
			buildSettings = {
				ALWAYS_SEARCH_USER_PATHS = NO;
				CLANG_ANALYZER_NONNULL = YES;
				CLANG_CXX_LANGUAGE_STANDARD = "gnu++0x";
				CLANG_CXX_LIBRARY = "libc++";
				CLANG_ENABLE_MODULES = YES;
				CLANG_ENABLE_OBJC_ARC = YES;
				CLANG_WARN_BOOL_CONVERSION = YES;
				CLANG_WARN_CONSTANT_CONVERSION = YES;
				CLANG_WARN_DIRECT_OBJC_ISA_USAGE = YES_ERROR;
				CLANG_WARN_DOCUMENTATION_COMMENTS = YES;
				CLANG_WARN_EMPTY_BODY = YES;
				CLANG_WARN_ENUM_CONVERSION = YES;
				CLANG_WARN_INFINITE_RECURSION = YES;
				CLANG_WARN_INT_CONVERSION = YES;
				CLANG_WARN_OBJC_ROOT_CLASS = YES_ERROR;
				CLANG_WARN_SUSPICIOUS_MOVES = YES;
				CLANG_WARN_UNREACHABLE_CODE = YES;
				CLANG_WARN__DUPLICATE_METHOD_MATCH = YES;
				"CODE_SIGN_IDENTITY[sdk=iphoneos*]" = "iPhone Developer";
				COPY_PHASE_STRIP = NO;
				DEBUG_INFORMATION_FORMAT = "dwarf-with-dsym";
				ENABLE_NS_ASSERTIONS = NO;
				ENABLE_STRICT_OBJC_MSGSEND = YES;
				GCC_C_LANGUAGE_STANDARD = gnu99;
				GCC_NO_COMMON_BLOCKS = YES;
				GCC_WARN_64_TO_32_BIT_CONVERSION = YES;
				GCC_WARN_ABOUT_RETURN_TYPE = YES_ERROR;
				GCC_WARN_UNDECLARED_SELECTOR = YES;
				GCC_WARN_UNINITIALIZED_AUTOS = YES_AGGRESSIVE;
				GCC_WARN_UNUSED_FUNCTION = YES;
				GCC_WARN_UNUSED_VARIABLE = YES;
				IPHONEOS_DEPLOYMENT_TARGET = 10.0;
				MTL_ENABLE_DEBUG_INFO = NO;
				SDKROOT = iphoneos;
				SWIFT_OPTIMIZATION_LEVEL = "-Owholemodule";
				VALIDATE_PRODUCT = YES;
			};
			name = Release;
		};
		84CA6F461DAA452A0025843A /* Debug */ = {
			isa = XCBuildConfiguration;
			buildSettings = {
				ASSETCATALOG_COMPILER_APPICON_NAME = AppIcon;
				DEVELOPMENT_TEAM = 8QRWJ9NY44;
				INFOPLIST_FILE = Pokedex/Info.plist;
				LD_RUNPATH_SEARCH_PATHS = "$(inherited) @executable_path/Frameworks";
				PRODUCT_BUNDLE_IDENTIFIER = com.gdw.Pokedex;
				PRODUCT_NAME = "$(TARGET_NAME)";
				SWIFT_VERSION = 3.0;
			};
			name = Debug;
		};
		84CA6F471DAA452A0025843A /* Release */ = {
			isa = XCBuildConfiguration;
			buildSettings = {
				ASSETCATALOG_COMPILER_APPICON_NAME = AppIcon;
				DEVELOPMENT_TEAM = 8QRWJ9NY44;
				INFOPLIST_FILE = Pokedex/Info.plist;
				LD_RUNPATH_SEARCH_PATHS = "$(inherited) @executable_path/Frameworks";
				PRODUCT_BUNDLE_IDENTIFIER = com.gdw.Pokedex;
				PRODUCT_NAME = "$(TARGET_NAME)";
				SWIFT_VERSION = 3.0;
			};
			name = Release;
		};
/* End XCBuildConfiguration section */

/* Begin XCConfigurationList section */
		84CA6F2E1DAA452A0025843A /* Build configuration list for PBXProject "Pokedex" */ = {
			isa = XCConfigurationList;
			buildConfigurations = (
				84CA6F431DAA452A0025843A /* Debug */,
				84CA6F441DAA452A0025843A /* Release */,
			);
			defaultConfigurationIsVisible = 0;
			defaultConfigurationName = Release;
		};
		84CA6F451DAA452A0025843A /* Build configuration list for PBXNativeTarget "Pokedex" */ = {
			isa = XCConfigurationList;
			buildConfigurations = (
				84CA6F461DAA452A0025843A /* Debug */,
				84CA6F471DAA452A0025843A /* Release */,
			);
			defaultConfigurationIsVisible = 0;
			defaultConfigurationName = Release;
		};
/* End XCConfigurationList section */
	};
	rootObject = 84CA6F2B1DAA452A0025843A /* Project object */;
}
